// !$*UTF8*$!
{
	archiveVersion = 1;
	classes = {
	};
	objectVersion = 46;
	objects = {

/* Begin PBXBuildFile section */
		326AE4B31A8CA1A100043AA1 /* Foundation.framework in Frameworks */ = {isa = PBXBuildFile; fileRef = 326AE4B21A8CA1A100043AA1 /* Foundation.framework */; };
		326AE4B51A8CA1A100043AA1 /* CoreGraphics.framework in Frameworks */ = {isa = PBXBuildFile; fileRef = 326AE4B41A8CA1A100043AA1 /* CoreGraphics.framework */; };
		326AE4B71A8CA1A100043AA1 /* UIKit.framework in Frameworks */ = {isa = PBXBuildFile; fileRef = 326AE4B61A8CA1A100043AA1 /* UIKit.framework */; };
		326AE4BD1A8CA1A100043AA1 /* InfoPlist.strings in Resources */ = {isa = PBXBuildFile; fileRef = 326AE4BB1A8CA1A100043AA1 /* InfoPlist.strings */; };
		326AE4BF1A8CA1A100043AA1 /* main.m in Sources */ = {isa = PBXBuildFile; fileRef = 326AE4BE1A8CA1A100043AA1 /* main.m */; };
		326AE4C31A8CA1A100043AA1 /* MJAppDelegate.m in Sources */ = {isa = PBXBuildFile; fileRef = 326AE4C21A8CA1A100043AA1 /* MJAppDelegate.m */; };
		326AE4C61A8CA1A100043AA1 /* Main.storyboard in Resources */ = {isa = PBXBuildFile; fileRef = 326AE4C41A8CA1A100043AA1 /* Main.storyboard */; };
		326AE4C91A8CA1A100043AA1 /* MJViewController.m in Sources */ = {isa = PBXBuildFile; fileRef = 326AE4C81A8CA1A100043AA1 /* MJViewController.m */; };
		326AE4CB1A8CA1A100043AA1 /* Images.xcassets in Resources */ = {isa = PBXBuildFile; fileRef = 326AE4CA1A8CA1A100043AA1 /* Images.xcassets */; };
		326AE4D21A8CA1A100043AA1 /* XCTest.framework in Frameworks */ = {isa = PBXBuildFile; fileRef = 326AE4D11A8CA1A100043AA1 /* XCTest.framework */; };
		326AE4D31A8CA1A100043AA1 /* Foundation.framework in Frameworks */ = {isa = PBXBuildFile; fileRef = 326AE4B21A8CA1A100043AA1 /* Foundation.framework */; };
		326AE4D41A8CA1A100043AA1 /* UIKit.framework in Frameworks */ = {isa = PBXBuildFile; fileRef = 326AE4B61A8CA1A100043AA1 /* UIKit.framework */; };
		326AE4DC1A8CA1A100043AA1 /* InfoPlist.strings in Resources */ = {isa = PBXBuildFile; fileRef = 326AE4DA1A8CA1A100043AA1 /* InfoPlist.strings */; };
		326AE4DE1A8CA1A100043AA1 /* xib__Tests.m in Sources */ = {isa = PBXBuildFile; fileRef = 326AE4DD1A8CA1A100043AA1 /* xib__Tests.m */; };
		326AE4E81A8CA1E800043AA1 /* MyView.xib in Resources */ = {isa = PBXBuildFile; fileRef = 326AE4E71A8CA1E800043AA1 /* MyView.xib */; };
		326AE4EB1A8CA23D00043AA1 /* MJDog.m in Sources */ = {isa = PBXBuildFile; fileRef = 326AE4EA1A8CA23D00043AA1 /* MJDog.m */; };
/* End PBXBuildFile section */

/* Begin PBXContainerItemProxy section */
		326AE4D51A8CA1A100043AA1 /* PBXContainerItemProxy */ = {
			isa = PBXContainerItemProxy;
			containerPortal = 326AE4A71A8CA1A100043AA1 /* Project object */;
			proxyType = 1;
			remoteGlobalIDString = 326AE4AE1A8CA1A100043AA1;
			remoteInfo = "xib测试";
		};
/* End PBXContainerItemProxy section */

/* Begin PBXFileReference section */
		326AE4AF1A8CA1A100043AA1 /* xib测试.app */ = {isa = PBXFileReference; explicitFileType = wrapper.application; includeInIndex = 0; path = "xib测试.app"; sourceTree = BUILT_PRODUCTS_DIR; };
		326AE4B21A8CA1A100043AA1 /* Foundation.framework */ = {isa = PBXFileReference; lastKnownFileType = wrapper.framework; name = Foundation.framework; path = System/Library/Frameworks/Foundation.framework; sourceTree = SDKROOT; };
		326AE4B41A8CA1A100043AA1 /* CoreGraphics.framework */ = {isa = PBXFileReference; lastKnownFileType = wrapper.framework; name = CoreGraphics.framework; path = System/Library/Frameworks/CoreGraphics.framework; sourceTree = SDKROOT; };
		326AE4B61A8CA1A100043AA1 /* UIKit.framework */ = {isa = PBXFileReference; lastKnownFileType = wrapper.framework; name = UIKit.framework; path = System/Library/Frameworks/UIKit.framework; sourceTree = SDKROOT; };
		326AE4BA1A8CA1A100043AA1 /* xib测试-Info.plist */ = {isa = PBXFileReference; lastKnownFileType = text.plist.xml; path = "xib测试-Info.plist"; sourceTree = "<group>"; };
		326AE4BC1A8CA1A100043AA1 /* en */ = {isa = PBXFileReference; lastKnownFileType = text.plist.strings; name = en; path = en.lproj/InfoPlist.strings; sourceTree = "<group>"; };
		326AE4BE1A8CA1A100043AA1 /* main.m */ = {isa = PBXFileReference; lastKnownFileType = sourcecode.c.objc; path = main.m; sourceTree = "<group>"; };
		326AE4C01A8CA1A100043AA1 /* xib测试-Prefix.pch */ = {isa = PBXFileReference; lastKnownFileType = sourcecode.c.h; path = "xib测试-Prefix.pch"; sourceTree = "<group>"; };
		326AE4C11A8CA1A100043AA1 /* MJAppDelegate.h */ = {isa = PBXFileReference; lastKnownFileType = sourcecode.c.h; path = MJAppDelegate.h; sourceTree = "<group>"; };
		326AE4C21A8CA1A100043AA1 /* MJAppDelegate.m */ = {isa = PBXFileReference; lastKnownFileType = sourcecode.c.objc; path = MJAppDelegate.m; sourceTree = "<group>"; };
		326AE4C51A8CA1A100043AA1 /* Base */ = {isa = PBXFileReference; lastKnownFileType = file.storyboard; name = Base; path = Base.lproj/Main.storyboard; sourceTree = "<group>"; };
		326AE4C71A8CA1A100043AA1 /* MJViewController.h */ = {isa = PBXFileReference; lastKnownFileType = sourcecode.c.h; path = MJViewController.h; sourceTree = "<group>"; };
		326AE4C81A8CA1A100043AA1 /* MJViewController.m */ = {isa = PBXFileReference; lastKnownFileType = sourcecode.c.objc; path = MJViewController.m; sourceTree = "<group>"; };
		326AE4CA1A8CA1A100043AA1 /* Images.xcassets */ = {isa = PBXFileReference; lastKnownFileType = folder.assetcatalog; path = Images.xcassets; sourceTree = "<group>"; };
		326AE4D01A8CA1A100043AA1 /* xib测试Tests.xctest */ = {isa = PBXFileReference; explicitFileType = wrapper.cfbundle; includeInIndex = 0; path = "xib测试Tests.xctest"; sourceTree = BUILT_PRODUCTS_DIR; };
		326AE4D11A8CA1A100043AA1 /* XCTest.framework */ = {isa = PBXFileReference; lastKnownFileType = wrapper.framework; name = XCTest.framework; path = Library/Frameworks/XCTest.framework; sourceTree = DEVELOPER_DIR; };
		326AE4D91A8CA1A100043AA1 /* xib测试Tests-Info.plist */ = {isa = PBXFileReference; lastKnownFileType = text.plist.xml; path = "xib测试Tests-Info.plist"; sourceTree = "<group>"; };
		326AE4DB1A8CA1A100043AA1 /* en */ = {isa = PBXFileReference; lastKnownFileType = text.plist.strings; name = en; path = en.lproj/InfoPlist.strings; sourceTree = "<group>"; };
		326AE4DD1A8CA1A100043AA1 /* xib__Tests.m */ = {isa = PBXFileReference; lastKnownFileType = sourcecode.c.objc; path = xib__Tests.m; sourceTree = "<group>"; };
		326AE4E71A8CA1E800043AA1 /* MyView.xib */ = {isa = PBXFileReference; fileEncoding = 4; lastKnownFileType = file.xib; path = MyView.xib; sourceTree = "<group>"; };
		326AE4E91A8CA23D00043AA1 /* MJDog.h */ = {isa = PBXFileReference; fileEncoding = 4; lastKnownFileType = sourcecode.c.h; name = MJDog.h; path = ../MJDog.h; sourceTree = "<group>"; };
		326AE4EA1A8CA23D00043AA1 /* MJDog.m */ = {isa = PBXFileReference; fileEncoding = 4; lastKnownFileType = sourcecode.c.objc; name = MJDog.m; path = ../MJDog.m; sourceTree = "<group>"; };
/* End PBXFileReference section */

/* Begin PBXFrameworksBuildPhase section */
		326AE4AC1A8CA1A100043AA1 /* Frameworks */ = {
			isa = PBXFrameworksBuildPhase;
			buildActionMask = 2147483647;
			files = (
				326AE4B51A8CA1A100043AA1 /* CoreGraphics.framework in Frameworks */,
				326AE4B71A8CA1A100043AA1 /* UIKit.framework in Frameworks */,
				326AE4B31A8CA1A100043AA1 /* Foundation.framework in Frameworks */,
			);
			runOnlyForDeploymentPostprocessing = 0;
		};
		326AE4CD1A8CA1A100043AA1 /* Frameworks */ = {
			isa = PBXFrameworksBuildPhase;
			buildActionMask = 2147483647;
			files = (
				326AE4D21A8CA1A100043AA1 /* XCTest.framework in Frameworks */,
				326AE4D41A8CA1A100043AA1 /* UIKit.framework in Frameworks */,
				326AE4D31A8CA1A100043AA1 /* Foundation.framework in Frameworks */,
			);
			runOnlyForDeploymentPostprocessing = 0;
		};
/* End PBXFrameworksBuildPhase section */

/* Begin PBXGroup section */
		326AE4A61A8CA1A100043AA1 = {
			isa = PBXGroup;
			children = (
				326AE4B81A8CA1A100043AA1 /* xib测试 */,
				326AE4D71A8CA1A100043AA1 /* xib测试Tests */,
				326AE4B11A8CA1A100043AA1 /* Frameworks */,
				326AE4B01A8CA1A100043AA1 /* Products */,
			);
			sourceTree = "<group>";
		};
		326AE4B01A8CA1A100043AA1 /* Products */ = {
			isa = PBXGroup;
			children = (
				326AE4AF1A8CA1A100043AA1 /* xib测试.app */,
				326AE4D01A8CA1A100043AA1 /* xib测试Tests.xctest */,
			);
			name = Products;
			sourceTree = "<group>";
		};
		326AE4B11A8CA1A100043AA1 /* Frameworks */ = {
			isa = PBXGroup;
			children = (
				326AE4B21A8CA1A100043AA1 /* Foundation.framework */,
				326AE4B41A8CA1A100043AA1 /* CoreGraphics.framework */,
				326AE4B61A8CA1A100043AA1 /* UIKit.framework */,
				326AE4D11A8CA1A100043AA1 /* XCTest.framework */,
			);
			name = Frameworks;
			sourceTree = "<group>";
		};
		326AE4B81A8CA1A100043AA1 /* xib测试 */ = {
			isa = PBXGroup;
			children = (
				326AE4C11A8CA1A100043AA1 /* MJAppDelegate.h */,
				326AE4C21A8CA1A100043AA1 /* MJAppDelegate.m */,
				326AE4C41A8CA1A100043AA1 /* Main.storyboard */,
				326AE4C71A8CA1A100043AA1 /* MJViewController.h */,
				326AE4C81A8CA1A100043AA1 /* MJViewController.m */,
				326AE4E91A8CA23D00043AA1 /* MJDog.h */,
				326AE4EA1A8CA23D00043AA1 /* MJDog.m */,
				326AE4CA1A8CA1A100043AA1 /* Images.xcassets */,
				326AE4B91A8CA1A100043AA1 /* Supporting Files */,
				326AE4E71A8CA1E800043AA1 /* MyView.xib */,
			);
			path = "xib测试";
			sourceTree = "<group>";
		};
		326AE4B91A8CA1A100043AA1 /* Supporting Files */ = {
			isa = PBXGroup;
			children = (
				326AE4BA1A8CA1A100043AA1 /* xib测试-Info.plist */,
				326AE4BB1A8CA1A100043AA1 /* InfoPlist.strings */,
				326AE4BE1A8CA1A100043AA1 /* main.m */,
				326AE4C01A8CA1A100043AA1 /* xib测试-Prefix.pch */,
			);
			name = "Supporting Files";
			sourceTree = "<group>";
		};
		326AE4D71A8CA1A100043AA1 /* xib测试Tests */ = {
			isa = PBXGroup;
			children = (
				326AE4DD1A8CA1A100043AA1 /* xib__Tests.m */,
				326AE4D81A8CA1A100043AA1 /* Supporting Files */,
			);
			path = "xib测试Tests";
			sourceTree = "<group>";
		};
		326AE4D81A8CA1A100043AA1 /* Supporting Files */ = {
			isa = PBXGroup;
			children = (
				326AE4D91A8CA1A100043AA1 /* xib测试Tests-Info.plist */,
				326AE4DA1A8CA1A100043AA1 /* InfoPlist.strings */,
			);
			name = "Supporting Files";
			sourceTree = "<group>";
		};
/* End PBXGroup section */

/* Begin PBXNativeTarget section */
		326AE4AE1A8CA1A100043AA1 /* xib测试 */ = {
			isa = PBXNativeTarget;
			buildConfigurationList = 326AE4E11A8CA1A100043AA1 /* Build configuration list for PBXNativeTarget "xib测试" */;
			buildPhases = (
				326AE4AB1A8CA1A100043AA1 /* Sources */,
				326AE4AC1A8CA1A100043AA1 /* Frameworks */,
				326AE4AD1A8CA1A100043AA1 /* Resources */,
			);
			buildRules = (
			);
			dependencies = (
			);
			name = "xib测试";
			productName = "xib测试";
			productReference = 326AE4AF1A8CA1A100043AA1 /* xib测试.app */;
			productType = "com.apple.product-type.application";
		};
		326AE4CF1A8CA1A100043AA1 /* xib测试Tests */ = {
			isa = PBXNativeTarget;
			buildConfigurationList = 326AE4E41A8CA1A100043AA1 /* Build configuration list for PBXNativeTarget "xib测试Tests" */;
			buildPhases = (
				326AE4CC1A8CA1A100043AA1 /* Sources */,
				326AE4CD1A8CA1A100043AA1 /* Frameworks */,
				326AE4CE1A8CA1A100043AA1 /* Resources */,
			);
			buildRules = (
			);
			dependencies = (
				326AE4D61A8CA1A100043AA1 /* PBXTargetDependency */,
			);
			name = "xib测试Tests";
			productName = "xib测试Tests";
			productReference = 326AE4D01A8CA1A100043AA1 /* xib测试Tests.xctest */;
			productType = "com.apple.product-type.bundle.unit-test";
		};
/* End PBXNativeTarget section */

/* Begin PBXProject section */
		326AE4A71A8CA1A100043AA1 /* Project object */ = {
			isa = PBXProject;
			attributes = {
				CLASSPREFIX = MJ;
				LastUpgradeCheck = 0510;
				ORGANIZATIONNAME = China;
				TargetAttributes = {
					326AE4CF1A8CA1A100043AA1 = {
						TestTargetID = 326AE4AE1A8CA1A100043AA1;
					};
				};
			};
			buildConfigurationList = 326AE4AA1A8CA1A100043AA1 /* Build configuration list for PBXProject "xib测试" */;
			compatibilityVersion = "Xcode 3.2";
			developmentRegion = English;
			hasScannedForEncodings = 0;
			knownRegions = (
				en,
				Base,
			);
			mainGroup = 326AE4A61A8CA1A100043AA1;
			productRefGroup = 326AE4B01A8CA1A100043AA1 /* Products */;
			projectDirPath = "";
			projectRoot = "";
			targets = (
				326AE4AE1A8CA1A100043AA1 /* xib测试 */,
				326AE4CF1A8CA1A100043AA1 /* xib测试Tests */,
			);
		};
/* End PBXProject section */

/* Begin PBXResourcesBuildPhase section */
		326AE4AD1A8CA1A100043AA1 /* Resources */ = {
			isa = PBXResourcesBuildPhase;
			buildActionMask = 2147483647;
			files = (
				326AE4E81A8CA1E800043AA1 /* MyView.xib in Resources */,
				326AE4CB1A8CA1A100043AA1 /* Images.xcassets in Resources */,
				326AE4BD1A8CA1A100043AA1 /* InfoPlist.strings in Resources */,
				326AE4C61A8CA1A100043AA1 /* Main.storyboard in Resources */,
			);
			runOnlyForDeploymentPostprocessing = 0;
		};
		326AE4CE1A8CA1A100043AA1 /* Resources */ = {
			isa = PBXResourcesBuildPhase;
			buildActionMask = 2147483647;
			files = (
				326AE4DC1A8CA1A100043AA1 /* InfoPlist.strings in Resources */,
			);
			runOnlyForDeploymentPostprocessing = 0;
		};
/* End PBXResourcesBuildPhase section */

/* Begin PBXSourcesBuildPhase section */
		326AE4AB1A8CA1A100043AA1 /* Sources */ = {
			isa = PBXSourcesBuildPhase;
			buildActionMask = 2147483647;
			files = (
				326AE4BF1A8CA1A100043AA1 /* main.m in Sources */,
				326AE4C91A8CA1A100043AA1 /* MJViewController.m in Sources */,
				326AE4C31A8CA1A100043AA1 /* MJAppDelegate.m in Sources */,
				326AE4EB1A8CA23D00043AA1 /* MJDog.m in Sources */,
			);
			runOnlyForDeploymentPostprocessing = 0;
		};
		326AE4CC1A8CA1A100043AA1 /* Sources */ = {
			isa = PBXSourcesBuildPhase;
			buildActionMask = 2147483647;
			files = (
				326AE4DE1A8CA1A100043AA1 /* xib__Tests.m in Sources */,
			);
			runOnlyForDeploymentPostprocessing = 0;
		};
/* End PBXSourcesBuildPhase section */

/* Begin PBXTargetDependency section */
		326AE4D61A8CA1A100043AA1 /* PBXTargetDependency */ = {
			isa = PBXTargetDependency;
			target = 326AE4AE1A8CA1A100043AA1 /* xib测试 */;
			targetProxy = 326AE4D51A8CA1A100043AA1 /* PBXContainerItemProxy */;
		};
/* End PBXTargetDependency section */

/* Begin PBXVariantGroup section */
		326AE4BB1A8CA1A100043AA1 /* InfoPlist.strings */ = {
			isa = PBXVariantGroup;
			children = (
				326AE4BC1A8CA1A100043AA1 /* en */,
			);
			name = InfoPlist.strings;
			sourceTree = "<group>";
		};
		326AE4C41A8CA1A100043AA1 /* Main.storyboard */ = {
			isa = PBXVariantGroup;
			children = (
				326AE4C51A8CA1A100043AA1 /* Base */,
			);
			name = Main.storyboard;
			sourceTree = "<group>";
		};
		326AE4DA1A8CA1A100043AA1 /* InfoPlist.strings */ = {
			isa = PBXVariantGroup;
			children = (
				326AE4DB1A8CA1A100043AA1 /* en */,
			);
			name = InfoPlist.strings;
			sourceTree = "<group>";
		};
/* End PBXVariantGroup section */

/* Begin XCBuildConfiguration section */
		326AE4DF1A8CA1A100043AA1 /* Debug */ = {
			isa = XCBuildConfiguration;
			buildSettings = {
				ALWAYS_SEARCH_USER_PATHS = NO;
				CLANG_CXX_LANGUAGE_STANDARD = "gnu++0x";
				CLANG_CXX_LIBRARY = "libc++";
				CLANG_ENABLE_MODULES = YES;
				CLANG_ENABLE_OBJC_ARC = YES;
				CLANG_WARN_BOOL_CONVERSION = YES;
				CLANG_WARN_CONSTANT_CONVERSION = YES;
				CLANG_WARN_DIRECT_OBJC_ISA_USAGE = YES_ERROR;
				CLANG_WARN_EMPTY_BODY = YES;
				CLANG_WARN_ENUM_CONVERSION = YES;
				CLANG_WARN_INT_CONVERSION = YES;
				CLANG_WARN_OBJC_ROOT_CLASS = YES_ERROR;
				CLANG_WARN__DUPLICATE_METHOD_MATCH = YES;
				"CODE_SIGN_IDENTITY[sdk=iphoneos*]" = "iPhone Developer";
				COPY_PHASE_STRIP = NO;
				GCC_C_LANGUAGE_STANDARD = gnu99;
				GCC_DYNAMIC_NO_PIC = NO;
				GCC_OPTIMIZATION_LEVEL = 0;
				GCC_PREPROCESSOR_DEFINITIONS = (
					"DEBUG=1",
					"$(inherited)",
				);
				GCC_SYMBOLS_PRIVATE_EXTERN = NO;
				GCC_WARN_64_TO_32_BIT_CONVERSION = YES;
				GCC_WARN_ABOUT_RETURN_TYPE = YES_ERROR;
				GCC_WARN_UNDECLARED_SELECTOR = YES;
				GCC_WARN_UNINITIALIZED_AUTOS = YES_AGGRESSIVE;
				GCC_WARN_UNUSED_FUNCTION = YES;
				GCC_WARN_UNUSED_VARIABLE = YES;
				IPHONEOS_DEPLOYMENT_TARGET = 7.1;
				ONLY_ACTIVE_ARCH = YES;
				SDKROOT = iphoneos;
			};
			name = Debug;
		};
		326AE4E01A8CA1A100043AA1 /* Release */ = {
			isa = XCBuildConfiguration;
			buildSettings = {
				ALWAYS_SEARCH_USER_PATHS = NO;
				CLANG_CXX_LANGUAGE_STANDARD = "gnu++0x";
				CLANG_CXX_LIBRARY = "libc++";
				CLANG_ENABLE_MODULES = YES;
				CLANG_ENABLE_OBJC_ARC = YES;
				CLANG_WARN_BOOL_CONVERSION = YES;
				CLANG_WARN_CONSTANT_CONVERSION = YES;
				CLANG_WARN_DIRECT_OBJC_ISA_USAGE = YES_ERROR;
				CLANG_WARN_EMPTY_BODY = YES;
				CLANG_WARN_ENUM_CONVERSION = YES;
				CLANG_WARN_INT_CONVERSION = YES;
				CLANG_WARN_OBJC_ROOT_CLASS = YES_ERROR;
				CLANG_WARN__DUPLICATE_METHOD_MATCH = YES;
				"CODE_SIGN_IDENTITY[sdk=iphoneos*]" = "iPhone Developer";
				COPY_PHASE_STRIP = YES;
				ENABLE_NS_ASSERTIONS = NO;
				GCC_C_LANGUAGE_STANDARD = gnu99;
				GCC_WARN_64_TO_32_BIT_CONVERSION = YES;
				GCC_WARN_ABOUT_RETURN_TYPE = YES_ERROR;
				GCC_WARN_UNDECLARED_SELECTOR = YES;
				GCC_WARN_UNINITIALIZED_AUTOS = YES_AGGRESSIVE;
				GCC_WARN_UNUSED_FUNCTION = YES;
				GCC_WARN_UNUSED_VARIABLE = YES;
				IPHONEOS_DEPLOYMENT_TARGET = 7.1;
				SDKROOT = iphoneos;
				VALIDATE_PRODUCT = YES;
			};
			name = Release;
		};
		326AE4E21A8CA1A100043AA1 /* Debug */ = {
			isa = XCBuildConfiguration;
			buildSettings = {
				ASSETCATALOG_COMPILER_APPICON_NAME = AppIcon;
				ASSETCATALOG_COMPILER_LAUNCHIMAGE_NAME = LaunchImage;
				GCC_PRECOMPILE_PREFIX_HEADER = YES;
				GCC_PREFIX_HEADER = "xib测试/xib测试-Prefix.pch";
				INFOPLIST_FILE = "xib测试/xib测试-Info.plist";
				PRODUCT_NAME = "$(TARGET_NAME)";
				WRAPPER_EXTENSION = app;
			};
			name = Debug;
		};
		326AE4E31A8CA1A100043AA1 /* Release */ = {
			isa = XCBuildConfiguration;
			buildSettings = {
				ASSETCATALOG_COMPILER_APPICON_NAME = AppIcon;
				ASSETCATALOG_COMPILER_LAUNCHIMAGE_NAME = LaunchImage;
				GCC_PRECOMPILE_PREFIX_HEADER = YES;
				GCC_PREFIX_HEADER = "xib测试/xib测试-Prefix.pch";
				INFOPLIST_FILE = "xib测试/xib测试-Info.plist";
				PRODUCT_NAME = "$(TARGET_NAME)";
				WRAPPER_EXTENSION = app;
			};
			name = Release;
		};
		326AE4E51A8CA1A100043AA1 /* Debug */ = {
			isa = XCBuildConfiguration;
			buildSettings = {
				BUNDLE_LOADER = "$(BUILT_PRODUCTS_DIR)/xib测试.app/xib测试";
				FRAMEWORK_SEARCH_PATHS = (
					"$(SDKROOT)/Developer/Library/Frameworks",
					"$(inherited)",
					"$(DEVELOPER_FRAMEWORKS_DIR)",
				);
				GCC_PRECOMPILE_PREFIX_HEADER = YES;
				GCC_PREFIX_HEADER = "xib测试/xib测试-Prefix.pch";
				GCC_PREPROCESSOR_DEFINITIONS = (
					"DEBUG=1",
					"$(inherited)",
				);
				INFOPLIST_FILE = "xib测试Tests/xib测试Tests-Info.plist";
				PRODUCT_NAME = "$(TARGET_NAME)";
				TEST_HOST = "$(BUNDLE_LOADER)";
				WRAPPER_EXTENSION = xctest;
			};
			name = Debug;
		};
		326AE4E61A8CA1A100043AA1 /* Release */ = {
			isa = XCBuildConfiguration;
			buildSettings = {
				BUNDLE_LOADER = "$(BUILT_PRODUCTS_DIR)/xib测试.app/xib测试";
				FRAMEWORK_SEARCH_PATHS = (
					"$(SDKROOT)/Developer/Library/Frameworks",
					"$(inherited)",
					"$(DEVELOPER_FRAMEWORKS_DIR)",
				);
				GCC_PRECOMPILE_PREFIX_HEADER = YES;
				GCC_PREFIX_HEADER = "xib测试/xib测试-Prefix.pch";
				INFOPLIST_FILE = "xib测试Tests/xib测试Tests-Info.plist";
				PRODUCT_NAME = "$(TARGET_NAME)";
				TEST_HOST = "$(BUNDLE_LOADER)";
				WRAPPER_EXTENSION = xctest;
			};
			name = Release;
		};
/* End XCBuildConfiguration section */

/* Begin XCConfigurationList section */
		326AE4AA1A8CA1A100043AA1 /* Build configuration list for PBXProject "xib测试" */ = {
			isa = XCConfigurationList;
			buildConfigurations = (
				326AE4DF1A8CA1A100043AA1 /* Debug */,
				326AE4E01A8CA1A100043AA1 /* Release */,
			);
			defaultConfigurationIsVisible = 0;
			defaultConfigurationName = Release;
		};
		326AE4E11A8CA1A100043AA1 /* Build configuration list for PBXNativeTarget "xib测试" */ = {
			isa = XCConfigurationList;
			buildConfigurations = (
				326AE4E21A8CA1A100043AA1 /* Debug */,
				326AE4E31A8CA1A100043AA1 /* Release */,
			);
			defaultConfigurationIsVisible = 0;
		};
		326AE4E41A8CA1A100043AA1 /* Build configuration list for PBXNativeTarget "xib测试Tests" */ = {
			isa = XCConfigurationList;
			buildConfigurations = (
				326AE4E51A8CA1A100043AA1 /* Debug */,
				326AE4E61A8CA1A100043AA1 /* Release */,
			);
			defaultConfigurationIsVisible = 0;
		};
/* End XCConfigurationList section */
	};
	rootObject = 326AE4A71A8CA1A100043AA1 /* Project object */;
}
